
Microsoft Visual Studio Solution File, Format Version 12.00
# Visual Studio Version 16
VisualStudioVersion = 16.0.30204.135
MinimumVisualStudioVersion = 10.0.40219.1
Project("{8BC9CEB8-8B4A-11D0-8D11-00A0C91BC942}") = "opengl_sky", "opengl_sky.vcxproj", "{53BB8519-1BBD-4A25-8354-13B643DBBF58}"
EndProject
Global
	GlobalSection(SolutionConfigurationPlatforms) = preSolution
		Debug|x64 = Debug|x64
		Debug|x86 = Debug|x86
		Release|x64 = Release|x64
		Release|x86 = Release|x86
	EndGlobalSection
	GlobalSection(ProjectConfigurationPlatforms) = postSolution
		{53BB8519-1BBD-4A25-8354-13B643DBBF58}.Debug|x64.ActiveCfg = Debug|x64
		{53BB8519-1BBD-4A25-8354-13B643DBBF58}.Debug|x64.Build.0 = Debug|x64
		{53BB8519-1BBD-4A25-8354-13B643DBBF58}.Debug|x86.ActiveCfg = Debug|Win32
		{53BB8519-1BBD-4A25-8354-13B643DBBF58}.Debug|x86.Build.0 = Debug|Win32
		{53BB8519-1BBD-4A25-8354-13B643DBBF58}.Release|x64.ActiveCfg = Release|x64
		{53BB8519-1BBD-4A25-8354-13B643DBBF58}.Release|x64.Build.0 = Release|x64
		{53BB8519-1BBD-4A25-8354-13B643DBBF58}.Release|x86.ActiveCfg = Release|Win32
		{53BB8519-1BBD-4A25-8354-13B643DBBF58}.Release|x86.Build.0 = Release|Win32
	EndGlobalSection
	GlobalSection(SolutionProperties) = preSolution
		HideSolutionNode = FALSE
	EndGlobalSection
	GlobalSection(ExtensibilityGlobals) = postSolution
		SolutionGuid = {66C7A650-FED5-41D8-90EE-EAF4383A4EB7}
	EndGlobalSection
EndGlobal
